
Microsoft Visual Studio Solution File, Format Version 12.00
# Visual Studio Version 16
VisualStudioVersion = 16.0.31702.278
MinimumVisualStudioVersion = 10.0.40219.1
Project("{FAE04EC0-301F-11D3-BF4B-00C04F79EFBC}") = "SpreadCheetahSamples", "SpreadCheetahSamples\SpreadCheetahSamples.csproj", "{AC54A7A1-9E2C-443A-9D58-72A31EF5067C}"
EndProject
Global
	GlobalSection(SolutionConfigurationPlatforms) = preSolution
		Debug|Any CPU = Debug|Any CPU
		Release|Any CPU = Release|Any CPU
	EndGlobalSection
	GlobalSection(ProjectConfigurationPlatforms) = postSolution
		{AC54A7A1-9E2C-443A-9D58-72A31EF5067C}.Debug|Any CPU.ActiveCfg = Debug|Any CPU
		{AC54A7A1-9E2C-443A-9D58-72A31EF5067C}.Debug|Any CPU.Build.0 = Debug|Any CPU
		{AC54A7A1-9E2C-443A-9D58-72A31EF5067C}.Release|Any CPU.ActiveCfg = Release|Any CPU
		{AC54A7A1-9E2C-443A-9D58-72A31EF5067C}.Release|Any CPU.Build.0 = Release|Any CPU
	EndGlobalSection
	GlobalSection(SolutionProperties) = preSolution
		HideSolutionNode = FALSE
	EndGlobalSection
	GlobalSection(ExtensibilityGlobals) = postSolution
		SolutionGuid = {D544B9E7-2948-478F-827A-4DB41697ED38}
	EndGlobalSection
EndGlobal
